
Microsoft Visual Studio Solution File, Format Version 12.00
# Visual Studio 14
VisualStudioVersion = 14.0.25420.1
MinimumVisualStudioVersion = 10.0.40219.1
Project("{FAE04EC0-301F-11D3-BF4B-00C04F79EFBC}") = "Spootify", "Spootify\Spootify.csproj", "{78E9970C-888F-4E77-B0B5-C0566B7F123C}"
EndProject
Project("{FAE04EC0-301F-11D3-BF4B-00C04F79EFBC}") = "Spootify.Tests", "Spootify.Tests\Spootify.Tests.csproj", "{CD90CC2E-B34D-4FA0-9561-CFE58D555CA1}"
EndProject
Global
	GlobalSection(SolutionConfigurationPlatforms) = preSolution
		Debug|Any CPU = Debug|Any CPU
		Release|Any CPU = Release|Any CPU
	EndGlobalSection
	GlobalSection(ProjectConfigurationPlatforms) = postSolution
		{78E9970C-888F-4E77-B0B5-C0566B7F123C}.Debug|Any CPU.ActiveCfg = Debug|Any CPU
		{78E9970C-888F-4E77-B0B5-C0566B7F123C}.Debug|Any CPU.Build.0 = Debug|Any CPU
		{78E9970C-888F-4E77-B0B5-C0566B7F123C}.Release|Any CPU.ActiveCfg = Release|Any CPU
		{78E9970C-888F-4E77-B0B5-C0566B7F123C}.Release|Any CPU.Build.0 = Release|Any CPU
		{CD90CC2E-B34D-4FA0-9561-CFE58D555CA1}.Debug|Any CPU.ActiveCfg = Debug|Any CPU
		{CD90CC2E-B34D-4FA0-9561-CFE58D555CA1}.Debug|Any CPU.Build.0 = Debug|Any CPU
		{CD90CC2E-B34D-4FA0-9561-CFE58D555CA1}.Release|Any CPU.ActiveCfg = Release|Any CPU
		{CD90CC2E-B34D-4FA0-9561-CFE58D555CA1}.Release|Any CPU.Build.0 = Release|Any CPU
	EndGlobalSection
	GlobalSection(SolutionProperties) = preSolution
		HideSolutionNode = FALSE
	EndGlobalSection
EndGlobal
